// !$*UTF8*$!
{
	archiveVersion = 1;
	classes = {
	};
	objectVersion = 55;
	objects = {

/* Begin PBXBuildFile section */
		01A0995FA1EAF0A7E6DDDF51 /* Pods_TestVigram.framework in Frameworks */ = {isa = PBXBuildFile; fileRef = 1A10E35201D39A2D7B1DED80 /* Pods_TestVigram.framework */; };
		40AC4B3F6F87AED0D5C74B25 /* Pods_TestVigramTests.framework in Frameworks */ = {isa = PBXBuildFile; fileRef = BF9FAFB335A6DED4EB25AB32 /* Pods_TestVigramTests.framework */; };
		FB14232F289E516000CEC210 /* AppDelegate.swift in Sources */ = {isa = PBXBuildFile; fileRef = FB14232E289E516000CEC210 /* AppDelegate.swift */; };
		FB142331289E516000CEC210 /* SceneDelegate.swift in Sources */ = {isa = PBXBuildFile; fileRef = FB142330289E516000CEC210 /* SceneDelegate.swift */; };
		FB142333289E516000CEC210 /* MapViewController.swift in Sources */ = {isa = PBXBuildFile; fileRef = FB142332289E516000CEC210 /* MapViewController.swift */; };
		FB142336289E516100CEC210 /* Main.storyboard in Resources */ = {isa = PBXBuildFile; fileRef = FB142334289E516100CEC210 /* Main.storyboard */; };
		FB142338289E516200CEC210 /* Assets.xcassets in Resources */ = {isa = PBXBuildFile; fileRef = FB142337289E516200CEC210 /* Assets.xcassets */; };
		FB14233B289E516200CEC210 /* LaunchScreen.storyboard in Resources */ = {isa = PBXBuildFile; fileRef = FB142339289E516200CEC210 /* LaunchScreen.storyboard */; };
		FB175FBF28A13A870088B555 /* UIViewController+Extension.swift in Sources */ = {isa = PBXBuildFile; fileRef = FB175FBE28A13A870088B555 /* UIViewController+Extension.swift */; };
		FB175FC728A142110088B555 /* CustomButton.swift in Sources */ = {isa = PBXBuildFile; fileRef = FB175FC628A142110088B555 /* CustomButton.swift */; };
		FB175FD028A14A5E0088B555 /* TestVigramTests.swift in Sources */ = {isa = PBXBuildFile; fileRef = FB175FCF28A14A5E0088B555 /* TestVigramTests.swift */; };
		FB175FDA28A1580F0088B555 /* Preview.png in Resources */ = {isa = PBXBuildFile; fileRef = FB175FD928A1580F0088B555 /* Preview.png */; };
		FB2487EA289E8424004530DF /* NetworkService.swift in Sources */ = {isa = PBXBuildFile; fileRef = FB2487E9289E8424004530DF /* NetworkService.swift */; };
		FB2487EC289E844C004530DF /* Model.swift in Sources */ = {isa = PBXBuildFile; fileRef = FB2487EB289E844C004530DF /* Model.swift */; };
		FB2487EE289FABCD004530DF /* NetworkDataFetcher.swift in Sources */ = {isa = PBXBuildFile; fileRef = FB2487ED289FABCD004530DF /* NetworkDataFetcher.swift */; };
/* End PBXBuildFile section */

/* Begin PBXContainerItemProxy section */
		FB175FD128A14A5E0088B555 /* PBXContainerItemProxy */ = {
			isa = PBXContainerItemProxy;
			containerPortal = FB142323289E516000CEC210 /* Project object */;
			proxyType = 1;
			remoteGlobalIDString = FB14232A289E516000CEC210;
			remoteInfo = TestVigram;
		};
/* End PBXContainerItemProxy section */

/* Begin PBXFileReference section */
		1A10E35201D39A2D7B1DED80 /* Pods_TestVigram.framework */ = {isa = PBXFileReference; explicitFileType = wrapper.framework; includeInIndex = 0; path = Pods_TestVigram.framework; sourceTree = BUILT_PRODUCTS_DIR; };
		5400DF88677D10DB675A2F64 /* Pods-TestVigram.release.xcconfig */ = {isa = PBXFileReference; includeInIndex = 1; lastKnownFileType = text.xcconfig; name = "Pods-TestVigram.release.xcconfig"; path = "Target Support Files/Pods-TestVigram/Pods-TestVigram.release.xcconfig"; sourceTree = "<group>"; };
		850B8AB8F05BF07CDE4316A9 /* Pods-TestVigram.debug.xcconfig */ = {isa = PBXFileReference; includeInIndex = 1; lastKnownFileType = text.xcconfig; name = "Pods-TestVigram.debug.xcconfig"; path = "Target Support Files/Pods-TestVigram/Pods-TestVigram.debug.xcconfig"; sourceTree = "<group>"; };
		9751252AEA02D24171D72F07 /* Pods-TestVigramTests.debug.xcconfig */ = {isa = PBXFileReference; includeInIndex = 1; lastKnownFileType = text.xcconfig; name = "Pods-TestVigramTests.debug.xcconfig"; path = "Target Support Files/Pods-TestVigramTests/Pods-TestVigramTests.debug.xcconfig"; sourceTree = "<group>"; };
		BF9FAFB335A6DED4EB25AB32 /* Pods_TestVigramTests.framework */ = {isa = PBXFileReference; explicitFileType = wrapper.framework; includeInIndex = 0; path = Pods_TestVigramTests.framework; sourceTree = BUILT_PRODUCTS_DIR; };
		FB0FE53228A3B88900C5CEC5 /* Protocols.swift */ = {isa = PBXFileReference; lastKnownFileType = sourcecode.swift; path = Protocols.swift; sourceTree = "<group>"; };
		FB14232B289E516000CEC210 /* TestVigram.app */ = {isa = PBXFileReference; explicitFileType = wrapper.application; includeInIndex = 0; path = TestVigram.app; sourceTree = BUILT_PRODUCTS_DIR; };
		FB14232E289E516000CEC210 /* AppDelegate.swift */ = {isa = PBXFileReference; lastKnownFileType = sourcecode.swift; path = AppDelegate.swift; sourceTree = "<group>"; };
		FB142330289E516000CEC210 /* SceneDelegate.swift */ = {isa = PBXFileReference; lastKnownFileType = sourcecode.swift; path = SceneDelegate.swift; sourceTree = "<group>"; };
		FB142332289E516000CEC210 /* MapViewController.swift */ = {isa = PBXFileReference; lastKnownFileType = sourcecode.swift; path = MapViewController.swift; sourceTree = "<group>"; };
		FB142335289E516100CEC210 /* Base */ = {isa = PBXFileReference; lastKnownFileType = file.storyboard; name = Base; path = Base.lproj/Main.storyboard; sourceTree = "<group>"; };
		FB142337289E516200CEC210 /* Assets.xcassets */ = {isa = PBXFileReference; lastKnownFileType = folder.assetcatalog; path = Assets.xcassets; sourceTree = "<group>"; };
		FB14233A289E516200CEC210 /* Base */ = {isa = PBXFileReference; lastKnownFileType = file.storyboard; name = Base; path = Base.lproj/LaunchScreen.storyboard; sourceTree = "<group>"; };
		FB14233C289E516200CEC210 /* Info.plist */ = {isa = PBXFileReference; lastKnownFileType = text.plist.xml; path = Info.plist; sourceTree = "<group>"; };
		FB175FBE28A13A870088B555 /* UIViewController+Extension.swift */ = {isa = PBXFileReference; lastKnownFileType = sourcecode.swift; path = "UIViewController+Extension.swift"; sourceTree = "<group>"; };
		FB175FC628A142110088B555 /* CustomButton.swift */ = {isa = PBXFileReference; lastKnownFileType = sourcecode.swift; path = CustomButton.swift; sourceTree = "<group>"; };
		FB175FCD28A14A5E0088B555 /* TestVigramTests.xctest */ = {isa = PBXFileReference; explicitFileType = wrapper.cfbundle; includeInIndex = 0; path = TestVigramTests.xctest; sourceTree = BUILT_PRODUCTS_DIR; };
		FB175FCF28A14A5E0088B555 /* TestVigramTests.swift */ = {isa = PBXFileReference; lastKnownFileType = sourcecode.swift; path = TestVigramTests.swift; sourceTree = "<group>"; };
		FB175FD928A1580F0088B555 /* Preview.png */ = {isa = PBXFileReference; lastKnownFileType = image.png; path = Preview.png; sourceTree = "<group>"; };
		FB2487E9289E8424004530DF /* NetworkService.swift */ = {isa = PBXFileReference; lastKnownFileType = sourcecode.swift; path = NetworkService.swift; sourceTree = "<group>"; };
		FB2487EB289E844C004530DF /* Model.swift */ = {isa = PBXFileReference; lastKnownFileType = sourcecode.swift; path = Model.swift; sourceTree = "<group>"; };
		FB2487ED289FABCD004530DF /* NetworkDataFetcher.swift */ = {isa = PBXFileReference; lastKnownFileType = sourcecode.swift; path = NetworkDataFetcher.swift; sourceTree = "<group>"; };
		FBF2D60644EE676E75C61C64 /* Pods-TestVigramTests.release.xcconfig */ = {isa = PBXFileReference; includeInIndex = 1; lastKnownFileType = text.xcconfig; name = "Pods-TestVigramTests.release.xcconfig"; path = "Target Support Files/Pods-TestVigramTests/Pods-TestVigramTests.release.xcconfig"; sourceTree = "<group>"; };
/* End PBXFileReference section */

/* Begin PBXFrameworksBuildPhase section */
		FB142328289E516000CEC210 /* Frameworks */ = {
			isa = PBXFrameworksBuildPhase;
			buildActionMask = 2147483647;
			files = (
				01A0995FA1EAF0A7E6DDDF51 /* Pods_TestVigram.framework in Frameworks */,
			);
			runOnlyForDeploymentPostprocessing = 0;
		};
		FB175FCA28A14A5E0088B555 /* Frameworks */ = {
			isa = PBXFrameworksBuildPhase;
			buildActionMask = 2147483647;
			files = (
				40AC4B3F6F87AED0D5C74B25 /* Pods_TestVigramTests.framework in Frameworks */,
			);
			runOnlyForDeploymentPostprocessing = 0;
		};
/* End PBXFrameworksBuildPhase section */

/* Begin PBXGroup section */
		429C12BEDB54BCD5264F1359 /* Frameworks */ = {
			isa = PBXGroup;
			children = (
				1A10E35201D39A2D7B1DED80 /* Pods_TestVigram.framework */,
				BF9FAFB335A6DED4EB25AB32 /* Pods_TestVigramTests.framework */,
			);
			name = Frameworks;
			sourceTree = "<group>";
		};
		E49580C7FDF564B42BDD8517 /* Pods */ = {
			isa = PBXGroup;
			children = (
				850B8AB8F05BF07CDE4316A9 /* Pods-TestVigram.debug.xcconfig */,
				5400DF88677D10DB675A2F64 /* Pods-TestVigram.release.xcconfig */,
				9751252AEA02D24171D72F07 /* Pods-TestVigramTests.debug.xcconfig */,
				FBF2D60644EE676E75C61C64 /* Pods-TestVigramTests.release.xcconfig */,
			);
			path = Pods;
			sourceTree = "<group>";
		};
		FB0FE53128A3B87800C5CEC5 /* Protocols */ = {
			isa = PBXGroup;
			children = (
				FB0FE53228A3B88900C5CEC5 /* Protocols.swift */,
			);
			path = Protocols;
			sourceTree = "<group>";
		};
		FB142322289E516000CEC210 = {
			isa = PBXGroup;
			children = (
				FB14232D289E516000CEC210 /* TestVigram */,
				FB175FCE28A14A5E0088B555 /* TestVigramTests */,
				FB14232C289E516000CEC210 /* Products */,
				E49580C7FDF564B42BDD8517 /* Pods */,
				429C12BEDB54BCD5264F1359 /* Frameworks */,
			);
			sourceTree = "<group>";
		};
		FB14232C289E516000CEC210 /* Products */ = {
			isa = PBXGroup;
			children = (
				FB14232B289E516000CEC210 /* TestVigram.app */,
				FB175FCD28A14A5E0088B555 /* TestVigramTests.xctest */,
			);
			name = Products;
			sourceTree = "<group>";
		};
		FB14232D289E516000CEC210 /* TestVigram */ = {
			isa = PBXGroup;
			children = (
				FB142334289E516100CEC210 /* Main.storyboard */,
				FB175FC128A13BC60088B555 /* Model */,
				FB175FC428A13CC00088B555 /* ViewControllers */,
				FB175FC028A13BB40088B555 /* ServiceLayer */,
				FB0FE53128A3B87800C5CEC5 /* Protocols */,
				FB175FC328A13CA80088B555 /* Extension */,
				FB175FDB28A2A26E0088B555 /* Views */,
				FB175FC228A13C830088B555 /* AppSupport */,
				FB14233C289E516200CEC210 /* Info.plist */,
			);
			path = TestVigram;
			sourceTree = "<group>";
		};
		FB175FC028A13BB40088B555 /* ServiceLayer */ = {
			isa = PBXGroup;
			children = (
				FB2487ED289FABCD004530DF /* NetworkDataFetcher.swift */,
				FB2487E9289E8424004530DF /* NetworkService.swift */,
			);
			path = ServiceLayer;
			sourceTree = "<group>";
		};
		FB175FC128A13BC60088B555 /* Model */ = {
			isa = PBXGroup;
			children = (
				FB2487EB289E844C004530DF /* Model.swift */,
			);
			path = Model;
			sourceTree = "<group>";
		};
		FB175FC228A13C830088B555 /* AppSupport */ = {
			isa = PBXGroup;
			children = (
				FB175FD928A1580F0088B555 /* Preview.png */,
				FB142339289E516200CEC210 /* LaunchScreen.storyboard */,
				FB142330289E516000CEC210 /* SceneDelegate.swift */,
				FB14232E289E516000CEC210 /* AppDelegate.swift */,
				FB142337289E516200CEC210 /* Assets.xcassets */,
			);
			path = AppSupport;
			sourceTree = "<group>";
		};
		FB175FC328A13CA80088B555 /* Extension */ = {
			isa = PBXGroup;
			children = (
				FB175FBE28A13A870088B555 /* UIViewController+Extension.swift */,
			);
			path = Extension;
			sourceTree = "<group>";
		};
		FB175FC428A13CC00088B555 /* ViewControllers */ = {
			isa = PBXGroup;
			children = (
				FB142332289E516000CEC210 /* MapViewController.swift */,
			);
			path = ViewControllers;
			sourceTree = "<group>";
		};
		FB175FCE28A14A5E0088B555 /* TestVigramTests */ = {
			isa = PBXGroup;
			children = (
				FB175FCF28A14A5E0088B555 /* TestVigramTests.swift */,
			);
			path = TestVigramTests;
			sourceTree = "<group>";
		};
		FB175FDB28A2A26E0088B555 /* Views */ = {
			isa = PBXGroup;
			children = (
				FB175FC628A142110088B555 /* CustomButton.swift */,
			);
			path = Views;
			sourceTree = "<group>";
		};
/* End PBXGroup section */

/* Begin PBXNativeTarget section */
		FB14232A289E516000CEC210 /* TestVigram */ = {
			isa = PBXNativeTarget;
			buildConfigurationList = FB14233F289E516200CEC210 /* Build configuration list for PBXNativeTarget "TestVigram" */;
			buildPhases = (
				D25AB9F7ADC220A848A1DC4C /* [CP] Check Pods Manifest.lock */,
				FB175FE028A2EB0D0088B555 /* ShellScript */,
				FB142327289E516000CEC210 /* Sources */,
				FB142328289E516000CEC210 /* Frameworks */,
				FB142329289E516000CEC210 /* Resources */,
			);
			buildRules = (
			);
			dependencies = (
			);
			name = TestVigram;
			productName = TestVigram;
			productReference = FB14232B289E516000CEC210 /* TestVigram.app */;
			productType = "com.apple.product-type.application";
		};
		FB175FCC28A14A5E0088B555 /* TestVigramTests */ = {
			isa = PBXNativeTarget;
			buildConfigurationList = FB175FD328A14A5E0088B555 /* Build configuration list for PBXNativeTarget "TestVigramTests" */;
			buildPhases = (
				567CF78507A33DAAF108F6FF /* [CP] Check Pods Manifest.lock */,
				FB175FC928A14A5E0088B555 /* Sources */,
				FB175FCA28A14A5E0088B555 /* Frameworks */,
				FB175FCB28A14A5E0088B555 /* Resources */,
			);
			buildRules = (
			);
			dependencies = (
				FB175FD228A14A5E0088B555 /* PBXTargetDependency */,
			);
			name = TestVigramTests;
			productName = TestVigramTests;
			productReference = FB175FCD28A14A5E0088B555 /* TestVigramTests.xctest */;
			productType = "com.apple.product-type.bundle.unit-test";
		};
/* End PBXNativeTarget section */

/* Begin PBXProject section */
		FB142323289E516000CEC210 /* Project object */ = {
			isa = PBXProject;
			attributes = {
				BuildIndependentTargetsInParallel = 1;
				LastSwiftUpdateCheck = 1340;
				LastUpgradeCheck = 1340;
				TargetAttributes = {
					FB14232A289E516000CEC210 = {
						CreatedOnToolsVersion = 13.4;
					};
					FB175FCC28A14A5E0088B555 = {
						CreatedOnToolsVersion = 13.4;
						TestTargetID = FB14232A289E516000CEC210;
					};
				};
			};
			buildConfigurationList = FB142326289E516000CEC210 /* Build configuration list for PBXProject "TestVigram" */;
			compatibilityVersion = "Xcode 13.0";
			developmentRegion = en;
			hasScannedForEncodings = 0;
			knownRegions = (
				en,
				Base,
			);
			mainGroup = FB142322289E516000CEC210;
			productRefGroup = FB14232C289E516000CEC210 /* Products */;
			projectDirPath = "";
			projectRoot = "";
			targets = (
				FB14232A289E516000CEC210 /* TestVigram */,
				FB175FCC28A14A5E0088B555 /* TestVigramTests */,
			);
		};
/* End PBXProject section */

/* Begin PBXResourcesBuildPhase section */
		FB142329289E516000CEC210 /* Resources */ = {
			isa = PBXResourcesBuildPhase;
			buildActionMask = 2147483647;
			files = (
				FB175FDA28A1580F0088B555 /* Preview.png in Resources */,
				FB14233B289E516200CEC210 /* LaunchScreen.storyboard in Resources */,
				FB142338289E516200CEC210 /* Assets.xcassets in Resources */,
				FB142336289E516100CEC210 /* Main.storyboard in Resources */,
			);
			runOnlyForDeploymentPostprocessing = 0;
		};
		FB175FCB28A14A5E0088B555 /* Resources */ = {
			isa = PBXResourcesBuildPhase;
			buildActionMask = 2147483647;
			files = (
			);
			runOnlyForDeploymentPostprocessing = 0;
		};
/* End PBXResourcesBuildPhase section */

/* Begin PBXShellScriptBuildPhase section */
		567CF78507A33DAAF108F6FF /* [CP] Check Pods Manifest.lock */ = {
			isa = PBXShellScriptBuildPhase;
			buildActionMask = 2147483647;
			files = (
			);
			inputFileListPaths = (
			);
			inputPaths = (
				"${PODS_PODFILE_DIR_PATH}/Podfile.lock",
				"${PODS_ROOT}/Manifest.lock",
			);
			name = "[CP] Check Pods Manifest.lock";
			outputFileListPaths = (
			);
			outputPaths = (
				"$(DERIVED_FILE_DIR)/Pods-TestVigramTests-checkManifestLockResult.txt",
			);
			runOnlyForDeploymentPostprocessing = 0;
			shellPath = /bin/sh;
			shellScript = "diff \"${PODS_PODFILE_DIR_PATH}/Podfile.lock\" \"${PODS_ROOT}/Manifest.lock\" > /dev/null\nif [ $? != 0 ] ; then\n    # print error to STDERR\n    echo \"error: The sandbox is not in sync with the Podfile.lock. Run 'pod install' or update your CocoaPods installation.\" >&2\n    exit 1\nfi\n# This output is used by Xcode 'outputs' to avoid re-running this script phase.\necho \"SUCCESS\" > \"${SCRIPT_OUTPUT_FILE_0}\"\n";
			showEnvVarsInLog = 0;
		};
		D25AB9F7ADC220A848A1DC4C /* [CP] Check Pods Manifest.lock */ = {
			isa = PBXShellScriptBuildPhase;
			buildActionMask = 2147483647;
			files = (
			);
			inputFileListPaths = (
			);
			inputPaths = (
				"${PODS_PODFILE_DIR_PATH}/Podfile.lock",
				"${PODS_ROOT}/Manifest.lock",
			);
			name = "[CP] Check Pods Manifest.lock";
			outputFileListPaths = (
			);
			outputPaths = (
				"$(DERIVED_FILE_DIR)/Pods-TestVigram-checkManifestLockResult.txt",
			);
			runOnlyForDeploymentPostprocessing = 0;
			shellPath = /bin/sh;
			shellScript = "diff \"${PODS_PODFILE_DIR_PATH}/Podfile.lock\" \"${PODS_ROOT}/Manifest.lock\" > /dev/null\nif [ $? != 0 ] ; then\n    # print error to STDERR\n    echo \"error: The sandbox is not in sync with the Podfile.lock. Run 'pod install' or update your CocoaPods installation.\" >&2\n    exit 1\nfi\n# This output is used by Xcode 'outputs' to avoid re-running this script phase.\necho \"SUCCESS\" > \"${SCRIPT_OUTPUT_FILE_0}\"\n";
			showEnvVarsInLog = 0;
		};
		FB175FE028A2EB0D0088B555 /* ShellScript */ = {
			isa = PBXShellScriptBuildPhase;
			buildActionMask = 2147483647;
			files = (
			);
			inputFileListPaths = (
			);
			inputPaths = (
			);
			outputFileListPaths = (
			);
			outputPaths = (
			);
			runOnlyForDeploymentPostprocessing = 0;
			shellPath = /bin/sh;
			shellScript = "${PODS_ROOT}/SwiftLint/swiftlint\n";
		};
/* End PBXShellScriptBuildPhase section */

/* Begin PBXSourcesBuildPhase section */
		FB142327289E516000CEC210 /* Sources */ = {
			isa = PBXSourcesBuildPhase;
			buildActionMask = 2147483647;
			files = (
				FB2487EE289FABCD004530DF /* NetworkDataFetcher.swift in Sources */,
				FB2487EC289E844C004530DF /* Model.swift in Sources */,
				FB142333289E516000CEC210 /* MapViewController.swift in Sources */,
				FB14232F289E516000CEC210 /* AppDelegate.swift in Sources */,
				FB175FC728A142110088B555 /* CustomButton.swift in Sources */,
				FB2487EA289E8424004530DF /* NetworkService.swift in Sources */,
				FB142331289E516000CEC210 /* SceneDelegate.swift in Sources */,
				FB175FBF28A13A870088B555 /* UIViewController+Extension.swift in Sources */,
			);
			runOnlyForDeploymentPostprocessing = 0;
		};
		FB175FC928A14A5E0088B555 /* Sources */ = {
			isa = PBXSourcesBuildPhase;
			buildActionMask = 2147483647;
			files = (
				FB175FD028A14A5E0088B555 /* TestVigramTests.swift in Sources */,
			);
			runOnlyForDeploymentPostprocessing = 0;
		};
/* End PBXSourcesBuildPhase section */

/* Begin PBXTargetDependency section */
		FB175FD228A14A5E0088B555 /* PBXTargetDependency */ = {
			isa = PBXTargetDependency;
			target = FB14232A289E516000CEC210 /* TestVigram */;
			targetProxy = FB175FD128A14A5E0088B555 /* PBXContainerItemProxy */;
		};
/* End PBXTargetDependency section */

/* Begin PBXVariantGroup section */
		FB142334289E516100CEC210 /* Main.storyboard */ = {
			isa = PBXVariantGroup;
			children = (
				FB142335289E516100CEC210 /* Base */,
			);
			name = Main.storyboard;
			sourceTree = "<group>";
		};
		FB142339289E516200CEC210 /* LaunchScreen.storyboard */ = {
			isa = PBXVariantGroup;
			children = (
				FB14233A289E516200CEC210 /* Base */,
			);
			name = LaunchScreen.storyboard;
			sourceTree = "<group>";
		};
/* End PBXVariantGroup section */

/* Begin XCBuildConfiguration section */
		FB14233D289E516200CEC210 /* Debug */ = {
			isa = XCBuildConfiguration;
			buildSettings = {
				ALWAYS_SEARCH_USER_PATHS = NO;
				CLANG_ANALYZER_NONNULL = YES;
				CLANG_ANALYZER_NUMBER_OBJECT_CONVERSION = YES_AGGRESSIVE;
				CLANG_CXX_LANGUAGE_STANDARD = "gnu++17";
				CLANG_ENABLE_MODULES = YES;
				CLANG_ENABLE_OBJC_ARC = YES;
				CLANG_ENABLE_OBJC_WEAK = YES;
				CLANG_WARN_BLOCK_CAPTURE_AUTORELEASING = YES;
				CLANG_WARN_BOOL_CONVERSION = YES;
				CLANG_WARN_COMMA = YES;
				CLANG_WARN_CONSTANT_CONVERSION = YES;
				CLANG_WARN_DEPRECATED_OBJC_IMPLEMENTATIONS = YES;
				CLANG_WARN_DIRECT_OBJC_ISA_USAGE = YES_ERROR;
				CLANG_WARN_DOCUMENTATION_COMMENTS = YES;
				CLANG_WARN_EMPTY_BODY = YES;
				CLANG_WARN_ENUM_CONVERSION = YES;
				CLANG_WARN_INFINITE_RECURSION = YES;
				CLANG_WARN_INT_CONVERSION = YES;
				CLANG_WARN_NON_LITERAL_NULL_CONVERSION = YES;
				CLANG_WARN_OBJC_IMPLICIT_RETAIN_SELF = YES;
				CLANG_WARN_OBJC_LITERAL_CONVERSION = YES;
				CLANG_WARN_OBJC_ROOT_CLASS = YES_ERROR;
				CLANG_WARN_QUOTED_INCLUDE_IN_FRAMEWORK_HEADER = YES;
				CLANG_WARN_RANGE_LOOP_ANALYSIS = YES;
				CLANG_WARN_STRICT_PROTOTYPES = YES;
				CLANG_WARN_SUSPICIOUS_MOVE = YES;
				CLANG_WARN_UNGUARDED_AVAILABILITY = YES_AGGRESSIVE;
				CLANG_WARN_UNREACHABLE_CODE = YES;
				CLANG_WARN__DUPLICATE_METHOD_MATCH = YES;
				COPY_PHASE_STRIP = NO;
				DEBUG_INFORMATION_FORMAT = dwarf;
				ENABLE_STRICT_OBJC_MSGSEND = YES;
				ENABLE_TESTABILITY = YES;
				GCC_C_LANGUAGE_STANDARD = gnu11;
				GCC_DYNAMIC_NO_PIC = NO;
				GCC_NO_COMMON_BLOCKS = YES;
				GCC_OPTIMIZATION_LEVEL = 0;
				GCC_PREPROCESSOR_DEFINITIONS = (
					"DEBUG=1",
					"$(inherited)",
				);
				GCC_WARN_64_TO_32_BIT_CONVERSION = YES;
				GCC_WARN_ABOUT_RETURN_TYPE = YES_ERROR;
				GCC_WARN_UNDECLARED_SELECTOR = YES;
				GCC_WARN_UNINITIALIZED_AUTOS = YES_AGGRESSIVE;
				GCC_WARN_UNUSED_FUNCTION = YES;
				GCC_WARN_UNUSED_VARIABLE = YES;
				IPHONEOS_DEPLOYMENT_TARGET = 15.5;
				MTL_ENABLE_DEBUG_INFO = INCLUDE_SOURCE;
				MTL_FAST_MATH = YES;
				ONLY_ACTIVE_ARCH = YES;
				SDKROOT = iphoneos;
				SWIFT_ACTIVE_COMPILATION_CONDITIONS = DEBUG;
				SWIFT_OPTIMIZATION_LEVEL = "-Onone";
			};
			name = Debug;
		};
		FB14233E289E516200CEC210 /* Release */ = {
			isa = XCBuildConfiguration;
			buildSettings = {
				ALWAYS_SEARCH_USER_PATHS = NO;
				CLANG_ANALYZER_NONNULL = YES;
				CLANG_ANALYZER_NUMBER_OBJECT_CONVERSION = YES_AGGRESSIVE;
				CLANG_CXX_LANGUAGE_STANDARD = "gnu++17";
				CLANG_ENABLE_MODULES = YES;
				CLANG_ENABLE_OBJC_ARC = YES;
				CLANG_ENABLE_OBJC_WEAK = YES;
				CLANG_WARN_BLOCK_CAPTURE_AUTORELEASING = YES;
				CLANG_WARN_BOOL_CONVERSION = YES;
				CLANG_WARN_COMMA = YES;
				CLANG_WARN_CONSTANT_CONVERSION = YES;
				CLANG_WARN_DEPRECATED_OBJC_IMPLEMENTATIONS = YES;
				CLANG_WARN_DIRECT_OBJC_ISA_USAGE = YES_ERROR;
				CLANG_WARN_DOCUMENTATION_COMMENTS = YES;
				CLANG_WARN_EMPTY_BODY = YES;
				CLANG_WARN_ENUM_CONVERSION = YES;
				CLANG_WARN_INFINITE_RECURSION = YES;
				CLANG_WARN_INT_CONVERSION = YES;
				CLANG_WARN_NON_LITERAL_NULL_CONVERSION = YES;
				CLANG_WARN_OBJC_IMPLICIT_RETAIN_SELF = YES;
				CLANG_WARN_OBJC_LITERAL_CONVERSION = YES;
				CLANG_WARN_OBJC_ROOT_CLASS = YES_ERROR;
				CLANG_WARN_QUOTED_INCLUDE_IN_FRAMEWORK_HEADER = YES;
				CLANG_WARN_RANGE_LOOP_ANALYSIS = YES;
				CLANG_WARN_STRICT_PROTOTYPES = YES;
				CLANG_WARN_SUSPICIOUS_MOVE = YES;
				CLANG_WARN_UNGUARDED_AVAILABILITY = YES_AGGRESSIVE;
				CLANG_WARN_UNREACHABLE_CODE = YES;
				CLANG_WARN__DUPLICATE_METHOD_MATCH = YES;
				COPY_PHASE_STRIP = NO;
				DEBUG_INFORMATION_FORMAT = "dwarf-with-dsym";
				ENABLE_NS_ASSERTIONS = NO;
				ENABLE_STRICT_OBJC_MSGSEND = YES;
				GCC_C_LANGUAGE_STANDARD = gnu11;
				GCC_NO_COMMON_BLOCKS = YES;
				GCC_WARN_64_TO_32_BIT_CONVERSION = YES;
				GCC_WARN_ABOUT_RETURN_TYPE = YES_ERROR;
				GCC_WARN_UNDECLARED_SELECTOR = YES;
				GCC_WARN_UNINITIALIZED_AUTOS = YES_AGGRESSIVE;
				GCC_WARN_UNUSED_FUNCTION = YES;
				GCC_WARN_UNUSED_VARIABLE = YES;
				IPHONEOS_DEPLOYMENT_TARGET = 15.5;
				MTL_ENABLE_DEBUG_INFO = NO;
				MTL_FAST_MATH = YES;
				SDKROOT = iphoneos;
				SWIFT_COMPILATION_MODE = wholemodule;
				SWIFT_OPTIMIZATION_LEVEL = "-O";
				VALIDATE_PRODUCT = YES;
			};
			name = Release;
		};
		FB142340289E516200CEC210 /* Debug */ = {
			isa = XCBuildConfiguration;
			baseConfigurationReference = 850B8AB8F05BF07CDE4316A9 /* Pods-TestVigram.debug.xcconfig */;
			buildSettings = {
				ASSETCATALOG_COMPILER_APPICON_NAME = AppIcon;
				ASSETCATALOG_COMPILER_GLOBAL_ACCENT_COLOR_NAME = AccentColor;
				CODE_SIGN_STYLE = Automatic;
				CURRENT_PROJECT_VERSION = 1;
				DEVELOPMENT_TEAM = DVBMX6UX88;
				GENERATE_INFOPLIST_FILE = YES;
				INFOPLIST_FILE = TestVigram/Info.plist;
				INFOPLIST_KEY_UIApplicationSupportsIndirectInputEvents = YES;
				INFOPLIST_KEY_UILaunchStoryboardName = LaunchScreen;
				INFOPLIST_KEY_UIMainStoryboardFile = Main;
				INFOPLIST_KEY_UISupportedInterfaceOrientations_iPad = "UIInterfaceOrientationPortrait UIInterfaceOrientationPortraitUpsideDown UIInterfaceOrientationLandscapeLeft UIInterfaceOrientationLandscapeRight";
				INFOPLIST_KEY_UISupportedInterfaceOrientations_iPhone = "UIInterfaceOrientationPortrait UIInterfaceOrientationLandscapeLeft UIInterfaceOrientationLandscapeRight";
				LD_RUNPATH_SEARCH_PATHS = (
					"$(inherited)",
					"@executable_path/Frameworks",
				);
				MARKETING_VERSION = 1.0;
				PRODUCT_BUNDLE_IDENTIFIER = "Khryapin-Vitalya.TestVigram";
				PRODUCT_NAME = "$(TARGET_NAME)";
				SWIFT_EMIT_LOC_STRINGS = YES;
				SWIFT_VERSION = 5.0;
				TARGETED_DEVICE_FAMILY = "1,2";
			};
			name = Debug;
		};
		FB142341289E516200CEC210 /* Release */ = {
			isa = XCBuildConfiguration;
			baseConfigurationReference = 5400DF88677D10DB675A2F64 /* Pods-TestVigram.release.xcconfig */;
			buildSettings = {
				ASSETCATALOG_COMPILER_APPICON_NAME = AppIcon;
				ASSETCATALOG_COMPILER_GLOBAL_ACCENT_COLOR_NAME = AccentColor;
				CODE_SIGN_STYLE = Automatic;
				CURRENT_PROJECT_VERSION = 1;
				DEVELOPMENT_TEAM = DVBMX6UX88;
				GENERATE_INFOPLIST_FILE = YES;
				INFOPLIST_FILE = TestVigram/Info.plist;
				INFOPLIST_KEY_UIApplicationSupportsIndirectInputEvents = YES;
				INFOPLIST_KEY_UILaunchStoryboardName = LaunchScreen;
				INFOPLIST_KEY_UIMainStoryboardFile = Main;
				INFOPLIST_KEY_UISupportedInterfaceOrientations_iPad = "UIInterfaceOrientationPortrait UIInterfaceOrientationPortraitUpsideDown UIInterfaceOrientationLandscapeLeft UIInterfaceOrientationLandscapeRight";
				INFOPLIST_KEY_UISupportedInterfaceOrientations_iPhone = "UIInterfaceOrientationPortrait UIInterfaceOrientationLandscapeLeft UIInterfaceOrientationLandscapeRight";
				LD_RUNPATH_SEARCH_PATHS = (
					"$(inherited)",
					"@executable_path/Frameworks",
				);
				MARKETING_VERSION = 1.0;
				PRODUCT_BUNDLE_IDENTIFIER = "Khryapin-Vitalya.TestVigram";
				PRODUCT_NAME = "$(TARGET_NAME)";
				SWIFT_EMIT_LOC_STRINGS = YES;
				SWIFT_VERSION = 5.0;
				TARGETED_DEVICE_FAMILY = "1,2";
			};
			name = Release;
		};
		FB175FD428A14A5E0088B555 /* Debug */ = {
			isa = XCBuildConfiguration;
			baseConfigurationReference = 9751252AEA02D24171D72F07 /* Pods-TestVigramTests.debug.xcconfig */;
			buildSettings = {
				BUNDLE_LOADER = "$(TEST_HOST)";
				CODE_SIGN_STYLE = Automatic;
				CURRENT_PROJECT_VERSION = 1;
				DEVELOPMENT_TEAM = DVBMX6UX88;
				GENERATE_INFOPLIST_FILE = YES;
				MARKETING_VERSION = 1.0;
				PRODUCT_BUNDLE_IDENTIFIER = "Khryapin-Vitalya.TestVigramTests";
				PRODUCT_NAME = "$(TARGET_NAME)";
				SWIFT_EMIT_LOC_STRINGS = NO;
				SWIFT_VERSION = 5.0;
				TARGETED_DEVICE_FAMILY = "1,2";
				TEST_HOST = "$(BUILT_PRODUCTS_DIR)/TestVigram.app/TestVigram";
			};
			name = Debug;
		};
		FB175FD528A14A5E0088B555 /* Release */ = {
			isa = XCBuildConfiguration;
			baseConfigurationReference = FBF2D60644EE676E75C61C64 /* Pods-TestVigramTests.release.xcconfig */;
			buildSettings = {
				BUNDLE_LOADER = "$(TEST_HOST)";
				CODE_SIGN_STYLE = Automatic;
				CURRENT_PROJECT_VERSION = 1;
				DEVELOPMENT_TEAM = DVBMX6UX88;
				GENERATE_INFOPLIST_FILE = YES;
				MARKETING_VERSION = 1.0;
				PRODUCT_BUNDLE_IDENTIFIER = "Khryapin-Vitalya.TestVigramTests";
				PRODUCT_NAME = "$(TARGET_NAME)";
				SWIFT_EMIT_LOC_STRINGS = NO;
				SWIFT_VERSION = 5.0;
				TARGETED_DEVICE_FAMILY = "1,2";
				TEST_HOST = "$(BUILT_PRODUCTS_DIR)/TestVigram.app/TestVigram";
			};
			name = Release;
		};
/* End XCBuildConfiguration section */

/* Begin XCConfigurationList section */
		FB142326289E516000CEC210 /* Build configuration list for PBXProject "TestVigram" */ = {
			isa = XCConfigurationList;
			buildConfigurations = (
				FB14233D289E516200CEC210 /* Debug */,
				FB14233E289E516200CEC210 /* Release */,
			);
			defaultConfigurationIsVisible = 0;
			defaultConfigurationName = Release;
		};
		FB14233F289E516200CEC210 /* Build configuration list for PBXNativeTarget "TestVigram" */ = {
			isa = XCConfigurationList;
			buildConfigurations = (
				FB142340289E516200CEC210 /* Debug */,
				FB142341289E516200CEC210 /* Release */,
			);
			defaultConfigurationIsVisible = 0;
			defaultConfigurationName = Release;
		};
		FB175FD328A14A5E0088B555 /* Build configuration list for PBXNativeTarget "TestVigramTests" */ = {
			isa = XCConfigurationList;
			buildConfigurations = (
				FB175FD428A14A5E0088B555 /* Debug */,
				FB175FD528A14A5E0088B555 /* Release */,
			);
			defaultConfigurationIsVisible = 0;
			defaultConfigurationName = Release;
		};
/* End XCConfigurationList section */
	};
	rootObject = FB142323289E516000CEC210 /* Project object */;
}
